// !$*UTF8*$!
{
	archiveVersion = 1;
	classes = {
	};
	objectVersion = 46;
	objects = {

/* Begin PBXBuildFile section */
		30965D4E1C23BBD8005F06AC /* AppDelegate.swift in Sources */ = {isa = PBXBuildFile; fileRef = 30965D4D1C23BBD8005F06AC /* AppDelegate.swift */; };
		30965D501C23BBD8005F06AC /* ViewController.swift in Sources */ = {isa = PBXBuildFile; fileRef = 30965D4F1C23BBD8005F06AC /* ViewController.swift */; };
		30965D531C23BBD8005F06AC /* Main.storyboard in Resources */ = {isa = PBXBuildFile; fileRef = 30965D511C23BBD8005F06AC /* Main.storyboard */; };
		30965D561C23BBD8005F06AC /* showIt.xcdatamodeld in Sources */ = {isa = PBXBuildFile; fileRef = 30965D541C23BBD8005F06AC /* showIt.xcdatamodeld */; };
		30965D581C23BBD8005F06AC /* Assets.xcassets in Resources */ = {isa = PBXBuildFile; fileRef = 30965D571C23BBD8005F06AC /* Assets.xcassets */; };
		30965D5B1C23BBD8005F06AC /* LaunchScreen.storyboard in Resources */ = {isa = PBXBuildFile; fileRef = 30965D591C23BBD8005F06AC /* LaunchScreen.storyboard */; };
		30965D651C23C40B005F06AC /* PlayerViewController.swift in Sources */ = {isa = PBXBuildFile; fileRef = 30965D641C23C40B005F06AC /* PlayerViewController.swift */; };
/* End PBXBuildFile section */

/* Begin PBXFileReference section */
		30965D4A1C23BBD8005F06AC /* showIt.app */ = {isa = PBXFileReference; explicitFileType = wrapper.application; includeInIndex = 0; path = showIt.app; sourceTree = BUILT_PRODUCTS_DIR; };
		30965D4D1C23BBD8005F06AC /* AppDelegate.swift */ = {isa = PBXFileReference; lastKnownFileType = sourcecode.swift; path = AppDelegate.swift; sourceTree = "<group>"; };
		30965D4F1C23BBD8005F06AC /* ViewController.swift */ = {isa = PBXFileReference; lastKnownFileType = sourcecode.swift; path = ViewController.swift; sourceTree = "<group>"; };
		30965D521C23BBD8005F06AC /* Base */ = {isa = PBXFileReference; lastKnownFileType = file.storyboard; name = Base; path = Base.lproj/Main.storyboard; sourceTree = "<group>"; };
		30965D551C23BBD8005F06AC /* showIt.xcdatamodel */ = {isa = PBXFileReference; lastKnownFileType = wrapper.xcdatamodel; path = showIt.xcdatamodel; sourceTree = "<group>"; };
		30965D571C23BBD8005F06AC /* Assets.xcassets */ = {isa = PBXFileReference; lastKnownFileType = folder.assetcatalog; path = Assets.xcassets; sourceTree = "<group>"; };
		30965D5A1C23BBD8005F06AC /* Base */ = {isa = PBXFileReference; lastKnownFileType = file.storyboard; name = Base; path = Base.lproj/LaunchScreen.storyboard; sourceTree = "<group>"; };
		30965D5C1C23BBD8005F06AC /* Info.plist */ = {isa = PBXFileReference; lastKnownFileType = text.plist.xml; path = Info.plist; sourceTree = "<group>"; };
		30965D641C23C40B005F06AC /* PlayerViewController.swift */ = {isa = PBXFileReference; fileEncoding = 4; lastKnownFileType = sourcecode.swift; path = PlayerViewController.swift; sourceTree = "<group>"; };
/* End PBXFileReference section */

/* Begin PBXFrameworksBuildPhase section */
		30965D471C23BBD8005F06AC /* Frameworks */ = {
			isa = PBXFrameworksBuildPhase;
			buildActionMask = 2147483647;
			files = (
			);
			runOnlyForDeploymentPostprocessing = 0;
		};
/* End PBXFrameworksBuildPhase section */

/* Begin PBXGroup section */
		30965D411C23BBD7005F06AC = {
			isa = PBXGroup;
			children = (
				30965D4C1C23BBD8005F06AC /* showIt */,
				30965D4B1C23BBD8005F06AC /* Products */,
			);
			sourceTree = "<group>";
		};
		30965D4B1C23BBD8005F06AC /* Products */ = {
			isa = PBXGroup;
			children = (
				30965D4A1C23BBD8005F06AC /* showIt.app */,
			);
			name = Products;
			sourceTree = "<group>";
		};
		30965D4C1C23BBD8005F06AC /* showIt */ = {
			isa = PBXGroup;
			children = (
				30965D4D1C23BBD8005F06AC /* AppDelegate.swift */,
				30965D4F1C23BBD8005F06AC /* ViewController.swift */,
				30965D641C23C40B005F06AC /* PlayerViewController.swift */,
				30965D511C23BBD8005F06AC /* Main.storyboard */,
				30965D571C23BBD8005F06AC /* Assets.xcassets */,
				30965D591C23BBD8005F06AC /* LaunchScreen.storyboard */,
				30965D5C1C23BBD8005F06AC /* Info.plist */,
				30965D541C23BBD8005F06AC /* showIt.xcdatamodeld */,
			);
			path = showIt;
			sourceTree = "<group>";
		};
/* End PBXGroup section */

/* Begin PBXNativeTarget section */
		30965D491C23BBD8005F06AC /* showIt */ = {
			isa = PBXNativeTarget;
			buildConfigurationList = 30965D5F1C23BBD8005F06AC /* Build configuration list for PBXNativeTarget "showIt" */;
			buildPhases = (
				30965D461C23BBD8005F06AC /* Sources */,
				30965D471C23BBD8005F06AC /* Frameworks */,
				30965D481C23BBD8005F06AC /* Resources */,
			);
			buildRules = (
			);
			dependencies = (
			);
			name = showIt;
			productName = showIt;
			productReference = 30965D4A1C23BBD8005F06AC /* showIt.app */;
			productType = "com.apple.product-type.application";
		};
/* End PBXNativeTarget section */

/* Begin PBXProject section */
		30965D421C23BBD7005F06AC /* Project object */ = {
			isa = PBXProject;
			attributes = {
				LastSwiftUpdateCheck = 0720;
				LastUpgradeCheck = 0720;
				ORGANIZATIONNAME = "Riley Rodenburg";
				TargetAttributes = {
					30965D491C23BBD8005F06AC = {
						CreatedOnToolsVersion = 7.2;
					};
				};
			};
			buildConfigurationList = 30965D451C23BBD7005F06AC /* Build configuration list for PBXProject "showIt" */;
			compatibilityVersion = "Xcode 3.2";
			developmentRegion = English;
			hasScannedForEncodings = 0;
			knownRegions = (
				en,
				Base,
			);
			mainGroup = 30965D411C23BBD7005F06AC;
			productRefGroup = 30965D4B1C23BBD8005F06AC /* Products */;
			projectDirPath = "";
			projectRoot = "";
			targets = (
				30965D491C23BBD8005F06AC /* showIt */,
			);
		};
/* End PBXProject section */

/* Begin PBXResourcesBuildPhase section */
		30965D481C23BBD8005F06AC /* Resources */ = {
			isa = PBXResourcesBuildPhase;
			buildActionMask = 2147483647;
			files = (
				30965D5B1C23BBD8005F06AC /* LaunchScreen.storyboard in Resources */,
				30965D581C23BBD8005F06AC /* Assets.xcassets in Resources */,
				30965D531C23BBD8005F06AC /* Main.storyboard in Resources */,
			);
			runOnlyForDeploymentPostprocessing = 0;
		};
/* End PBXResourcesBuildPhase section */

/* Begin PBXSourcesBuildPhase section */
		30965D461C23BBD8005F06AC /* Sources */ = {
			isa = PBXSourcesBuildPhase;
			buildActionMask = 2147483647;
			files = (
				30965D501C23BBD8005F06AC /* ViewController.swift in Sources */,
				30965D651C23C40B005F06AC /* PlayerViewController.swift in Sources */,
				30965D4E1C23BBD8005F06AC /* AppDelegate.swift in Sources */,
				30965D561C23BBD8005F06AC /* showIt.xcdatamodeld in Sources */,
			);
			runOnlyForDeploymentPostprocessing = 0;
		};
/* End PBXSourcesBuildPhase section */

/* Begin PBXVariantGroup section */
		30965D511C23BBD8005F06AC /* Main.storyboard */ = {
			isa = PBXVariantGroup;
			children = (
				30965D521C23BBD8005F06AC /* Base */,
			);
			name = Main.storyboard;
			sourceTree = "<group>";
		};
		30965D591C23BBD8005F06AC /* LaunchScreen.storyboard */ = {
			isa = PBXVariantGroup;
			children = (
				30965D5A1C23BBD8005F06AC /* Base */,
			);
			name = LaunchScreen.storyboard;
			sourceTree = "<group>";
		};
/* End PBXVariantGroup section */

/* Begin XCBuildConfiguration section */
		30965D5D1C23BBD8005F06AC /* Debug */ = {
			isa = XCBuildConfiguration;
			buildSettings = {
				ALWAYS_SEARCH_USER_PATHS = NO;
				CLANG_CXX_LANGUAGE_STANDARD = "gnu++0x";
				CLANG_CXX_LIBRARY = "libc++";
				CLANG_ENABLE_MODULES = YES;
				CLANG_ENABLE_OBJC_ARC = YES;
				CLANG_WARN_BOOL_CONVERSION = YES;
				CLANG_WARN_CONSTANT_CONVERSION = YES;
				CLANG_WARN_DIRECT_OBJC_ISA_USAGE = YES_ERROR;
				CLANG_WARN_EMPTY_BODY = YES;
				CLANG_WARN_ENUM_CONVERSION = YES;
				CLANG_WARN_INT_CONVERSION = YES;
				CLANG_WARN_OBJC_ROOT_CLASS = YES_ERROR;
				CLANG_WARN_UNREACHABLE_CODE = YES;
				CLANG_WARN__DUPLICATE_METHOD_MATCH = YES;
				"CODE_SIGN_IDENTITY[sdk=iphoneos*]" = "iPhone Developer";
				COPY_PHASE_STRIP = NO;
				DEBUG_INFORMATION_FORMAT = dwarf;
				ENABLE_STRICT_OBJC_MSGSEND = YES;
				ENABLE_TESTABILITY = YES;
				GCC_C_LANGUAGE_STANDARD = gnu99;
				GCC_DYNAMIC_NO_PIC = NO;
				GCC_NO_COMMON_BLOCKS = YES;
				GCC_OPTIMIZATION_LEVEL = 0;
				GCC_PREPROCESSOR_DEFINITIONS = (
					"DEBUG=1",
					"$(inherited)",
				);
				GCC_WARN_64_TO_32_BIT_CONVERSION = YES;
				GCC_WARN_ABOUT_RETURN_TYPE = YES_ERROR;
				GCC_WARN_UNDECLARED_SELECTOR = YES;
				GCC_WARN_UNINITIALIZED_AUTOS = YES_AGGRESSIVE;
				GCC_WARN_UNUSED_FUNCTION = YES;
				GCC_WARN_UNUSED_VARIABLE = YES;
				IPHONEOS_DEPLOYMENT_TARGET = 9.2;
				MTL_ENABLE_DEBUG_INFO = YES;
				ONLY_ACTIVE_ARCH = YES;
				SDKROOT = iphoneos;
				SWIFT_OPTIMIZATION_LEVEL = "-Onone";
			};
			name = Debug;
		};
		30965D5E1C23BBD8005F06AC /* Release */ = {
			isa = XCBuildConfiguration;
			buildSettings = {
				ALWAYS_SEARCH_USER_PATHS = NO;
				CLANG_CXX_LANGUAGE_STANDARD = "gnu++0x";
				CLANG_CXX_LIBRARY = "libc++";
				CLANG_ENABLE_MODULES = YES;
				CLANG_ENABLE_OBJC_ARC = YES;
				CLANG_WARN_BOOL_CONVERSION = YES;
				CLANG_WARN_CONSTANT_CONVERSION = YES;
				CLANG_WARN_DIRECT_OBJC_ISA_USAGE = YES_ERROR;
				CLANG_WARN_EMPTY_BODY = YES;
				CLANG_WARN_ENUM_CONVERSION = YES;
				CLANG_WARN_INT_CONVERSION = YES;
				CLANG_WARN_OBJC_ROOT_CLASS = YES_ERROR;
				CLANG_WARN_UNREACHABLE_CODE = YES;
				CLANG_WARN__DUPLICATE_METHOD_MATCH = YES;
				"CODE_SIGN_IDENTITY[sdk=iphoneos*]" = "iPhone Developer";
				COPY_PHASE_STRIP = NO;
				DEBUG_INFORMATION_FORMAT = "dwarf-with-dsym";
				ENABLE_NS_ASSERTIONS = NO;
				ENABLE_STRICT_OBJC_MSGSEND = YES;
				GCC_C_LANGUAGE_STANDARD = gnu99;
				GCC_NO_COMMON_BLOCKS = YES;
				GCC_WARN_64_TO_32_BIT_CONVERSION = YES;
				GCC_WARN_ABOUT_RETURN_TYPE = YES_ERROR;
				GCC_WARN_UNDECLARED_SELECTOR = YES;
				GCC_WARN_UNINITIALIZED_AUTOS = YES_AGGRESSIVE;
				GCC_WARN_UNUSED_FUNCTION = YES;
				GCC_WARN_UNUSED_VARIABLE = YES;
				IPHONEOS_DEPLOYMENT_TARGET = 9.2;
				MTL_ENABLE_DEBUG_INFO = NO;
				SDKROOT = iphoneos;
				VALIDATE_PRODUCT = YES;
			};
			name = Release;
		};
		30965D601C23BBD8005F06AC /* Debug */ = {
			isa = XCBuildConfiguration;
			buildSettings = {
				ASSETCATALOG_COMPILER_APPICON_NAME = AppIcon;
				INFOPLIST_FILE = showIt/Info.plist;
				LD_RUNPATH_SEARCH_PATHS = "$(inherited) @executable_path/Frameworks";
				PRODUCT_BUNDLE_IDENTIFIER = com.RileyRodenburg.dots.showIt;
				PRODUCT_NAME = "$(TARGET_NAME)";
			};
			name = Debug;
		};
		30965D611C23BBD8005F06AC /* Release */ = {
			isa = XCBuildConfiguration;
			buildSettings = {
				ASSETCATALOG_COMPILER_APPICON_NAME = AppIcon;
				INFOPLIST_FILE = showIt/Info.plist;
				LD_RUNPATH_SEARCH_PATHS = "$(inherited) @executable_path/Frameworks";
				PRODUCT_BUNDLE_IDENTIFIER = com.RileyRodenburg.dots.showIt;
				PRODUCT_NAME = "$(TARGET_NAME)";
			};
			name = Release;
		};
/* End XCBuildConfiguration section */

/* Begin XCConfigurationList section */
		30965D451C23BBD7005F06AC /* Build configuration list for PBXProject "showIt" */ = {
			isa = XCConfigurationList;
			buildConfigurations = (
				30965D5D1C23BBD8005F06AC /* Debug */,
				30965D5E1C23BBD8005F06AC /* Release */,
			);
			defaultConfigurationIsVisible = 0;
			defaultConfigurationName = Release;
		};
		30965D5F1C23BBD8005F06AC /* Build configuration list for PBXNativeTarget "showIt" */ = {
			isa = XCConfigurationList;
			buildConfigurations = (
				30965D601C23BBD8005F06AC /* Debug */,
				30965D611C23BBD8005F06AC /* Release */,
			);
			defaultConfigurationIsVisible = 0;
			defaultConfigurationName = Release;
		};
/* End XCConfigurationList section */

/* Begin XCVersionGroup section */
		30965D541C23BBD8005F06AC /* showIt.xcdatamodeld */ = {
			isa = XCVersionGroup;
			children = (
				30965D551C23BBD8005F06AC /* showIt.xcdatamodel */,
			);
			currentVersion = 30965D551C23BBD8005F06AC /* showIt.xcdatamodel */;
			path = showIt.xcdatamodeld;
			sourceTree = "<group>";
			versionGroupType = wrapper.xcdatamodel;
		};
/* End XCVersionGroup section */
	};
	rootObject = 30965D421C23BBD7005F06AC /* Project object */;
}
